
Microsoft Visual Studio Solution File, Format Version 12.00
# Visual Studio Version 17
VisualStudioVersion = 17.13.35931.197 d17.13
MinimumVisualStudioVersion = 10.0.40219.1
Project("{FAE04EC0-301F-11D3-BF4B-00C04F79EFBC}") = "Курсова API", "Курсова API\Курсова API.csproj", "{6D675992-1F99-46BC-BD6E-760FC30BDE4C}"
EndProject
Global
	GlobalSection(SolutionConfigurationPlatforms) = preSolution
		Debug|Any CPU = Debug|Any CPU
		Release|Any CPU = Release|Any CPU
	EndGlobalSection
	GlobalSection(ProjectConfigurationPlatforms) = postSolution
		{6D675992-1F99-46BC-BD6E-760FC30BDE4C}.Debug|Any CPU.ActiveCfg = Debug|Any CPU
		{6D675992-1F99-46BC-BD6E-760FC30BDE4C}.Debug|Any CPU.Build.0 = Debug|Any CPU
		{6D675992-1F99-46BC-BD6E-760FC30BDE4C}.Release|Any CPU.ActiveCfg = Release|Any CPU
		{6D675992-1F99-46BC-BD6E-760FC30BDE4C}.Release|Any CPU.Build.0 = Release|Any CPU
	EndGlobalSection
	GlobalSection(SolutionProperties) = preSolution
		HideSolutionNode = FALSE
	EndGlobalSection
	GlobalSection(ExtensibilityGlobals) = postSolution
		SolutionGuid = {25D46951-9C0F-4778-AAD9-B13252EE0B33}
	EndGlobalSection
EndGlobal
